
Microsoft Visual Studio Solution File, Format Version 12.00
# Visual Studio Version 17
VisualStudioVersion = 17.5.002.0
MinimumVisualStudioVersion = 10.0.40219.1
Project("{2150E333-8FDC-42A3-9474-1A3956D46DE8}") = "lib", "lib", "{0D4CF657-3007-4AEF-905B-9FF5DBA146E1}"
EndProject
Project("{2150E333-8FDC-42A3-9474-1A3956D46DE8}") = "lufa", "lufa", "{3984843E-769F-4CD3-8AD3-847C0EDC830A}"
EndProject
Project("{2150E333-8FDC-42A3-9474-1A3956D46DE8}") = "Projects", "Projects", "{910D4953-48FA-4E40-93BB-5662848E0CDA}"
EndProject
Project("{2150E333-8FDC-42A3-9474-1A3956D46DE8}") = "LEDNotifier", "LEDNotifier", "{80DE7C99-E43A-42A1-BB5C-B360A316E00B}"
EndProject
Project("{9A19103F-16F7-4668-BE54-9A1E7A4F7556}") = "CPUMonitor", "lib\lufa\Projects\LEDNotifier\CPUUsageApp\CPUMonitor.csproj", "{E2EAE9B9-9341-4E77-8DD1-DECFA5E302AF}"
EndProject
Project("{9A19103F-16F7-4668-BE54-9A1E7A4F7556}") = "LEDMixer", "lib\lufa\Projects\LEDNotifier\LEDMixerApp\LEDMixer.csproj", "{F95782C7-C633-478B-B38B-54C5E74002AA}"
EndProject
Project("{2150E333-8FDC-42A3-9474-1A3956D46DE8}") = "TempDataLogger", "TempDataLogger", "{91E3854E-E8D5-46A1-9B82-05BC00173E99}"
EndProject
Project("{9A19103F-16F7-4668-BE54-9A1E7A4F7556}") = "TempLoggerHostApp", "lib\lufa\Projects\TempDataLogger\TempLogHostApp\TempLoggerHostApp.csproj", "{194CD304-4005-4D3B-9A0B-F14D404BB598}"
EndProject
Global
	GlobalSection(SolutionConfigurationPlatforms) = preSolution
		Debug|Any CPU = Debug|Any CPU
		Release|Any CPU = Release|Any CPU
	EndGlobalSection
	GlobalSection(ProjectConfigurationPlatforms) = postSolution
		{E2EAE9B9-9341-4E77-8DD1-DECFA5E302AF}.Debug|Any CPU.ActiveCfg = Debug|Any CPU
		{E2EAE9B9-9341-4E77-8DD1-DECFA5E302AF}.Debug|Any CPU.Build.0 = Debug|Any CPU
		{E2EAE9B9-9341-4E77-8DD1-DECFA5E302AF}.Release|Any CPU.ActiveCfg = Release|Any CPU
		{E2EAE9B9-9341-4E77-8DD1-DECFA5E302AF}.Release|Any CPU.Build.0 = Release|Any CPU
		{F95782C7-C633-478B-B38B-54C5E74002AA}.Debug|Any CPU.ActiveCfg = Debug|Any CPU
		{F95782C7-C633-478B-B38B-54C5E74002AA}.Debug|Any CPU.Build.0 = Debug|Any CPU
		{F95782C7-C633-478B-B38B-54C5E74002AA}.Release|Any CPU.ActiveCfg = Release|Any CPU
		{F95782C7-C633-478B-B38B-54C5E74002AA}.Release|Any CPU.Build.0 = Release|Any CPU
		{194CD304-4005-4D3B-9A0B-F14D404BB598}.Debug|Any CPU.ActiveCfg = Debug|Any CPU
		{194CD304-4005-4D3B-9A0B-F14D404BB598}.Debug|Any CPU.Build.0 = Debug|Any CPU
		{194CD304-4005-4D3B-9A0B-F14D404BB598}.Release|Any CPU.ActiveCfg = Release|Any CPU
		{194CD304-4005-4D3B-9A0B-F14D404BB598}.Release|Any CPU.Build.0 = Release|Any CPU
	EndGlobalSection
	GlobalSection(SolutionProperties) = preSolution
		HideSolutionNode = FALSE
	EndGlobalSection
	GlobalSection(NestedProjects) = preSolution
		{3984843E-769F-4CD3-8AD3-847C0EDC830A} = {0D4CF657-3007-4AEF-905B-9FF5DBA146E1}
		{910D4953-48FA-4E40-93BB-5662848E0CDA} = {3984843E-769F-4CD3-8AD3-847C0EDC830A}
		{80DE7C99-E43A-42A1-BB5C-B360A316E00B} = {910D4953-48FA-4E40-93BB-5662848E0CDA}
		{E2EAE9B9-9341-4E77-8DD1-DECFA5E302AF} = {80DE7C99-E43A-42A1-BB5C-B360A316E00B}
		{F95782C7-C633-478B-B38B-54C5E74002AA} = {80DE7C99-E43A-42A1-BB5C-B360A316E00B}
		{91E3854E-E8D5-46A1-9B82-05BC00173E99} = {910D4953-48FA-4E40-93BB-5662848E0CDA}
		{194CD304-4005-4D3B-9A0B-F14D404BB598} = {91E3854E-E8D5-46A1-9B82-05BC00173E99}
	EndGlobalSection
	GlobalSection(ExtensibilityGlobals) = postSolution
		SolutionGuid = {2B6D47A3-7684-41AD-B92A-0C1F98055C3B}
	EndGlobalSection
EndGlobal
