
Microsoft Visual Studio Solution File, Format Version 10.00
# Visual Studio 2008
Project("{FAE04EC0-301F-11D3-BF4B-00C04F79EFBC}") = "TempLoggerHostApp", "TempLoggerHostApp\TempLoggerHostApp.csproj", "{A2D66069-8CF9-4104-828C-49A73D7DB5D1}"
EndProject
Global
	GlobalSection(SolutionConfigurationPlatforms) = preSolution
		Debug|Any CPU = Debug|Any CPU
		Release|Any CPU = Release|Any CPU
	EndGlobalSection
	GlobalSection(ProjectConfigurationPlatforms) = postSolution
		{A2D66069-8CF9-4104-828C-49A73D7DB5D1}.Debug|Any CPU.ActiveCfg = Debug|Any CPU
		{A2D66069-8CF9-4104-828C-49A73D7DB5D1}.Debug|Any CPU.Build.0 = Debug|Any CPU
		{A2D66069-8CF9-4104-828C-49A73D7DB5D1}.Release|Any CPU.ActiveCfg = Release|Any CPU
		{A2D66069-8CF9-4104-828C-49A73D7DB5D1}.Release|Any CPU.Build.0 = Release|Any CPU
	EndGlobalSection
	GlobalSection(SolutionProperties) = preSolution
		HideSolutionNode = FALSE
	EndGlobalSection
EndGlobal
