# This file is automatically @generated by Cargo.
# It is not intended for manual editing.
[[package]]
name = "lazy_static"
version = "1.4.0"
source = "registry+https://github.com/rust-lang/crates.io-index"
dependencies = [
 "spin 0.5.2 (registry+https://github.com/rust-lang/crates.io-index)",
]

[[package]]
name = "rust_example"
version = "0.1.0"
dependencies = [
 "lazy_static 1.4.0 (registry+https://github.com/rust-lang/crates.io-index)",
]

[[package]]
name = "spin"
version = "0.5.2"
source = "registry+https://github.com/rust-lang/crates.io-index"

[metadata]
"checksum lazy_static 1.4.0 (registry+https://github.com/rust-lang/crates.io-index)" = "e2abad23fbc42b3700f2f279844dc832adb2b2eb069b2df918f455c4e18cc646"
"checksum spin 0.5.2 (registry+https://github.com/rust-lang/crates.io-index)" = "6e63cff320ae2c57904679ba7cb63280a3dc4613885beafb148ee7bf9aa9042d"
